
Microsoft Visual Studio Solution File, Format Version 12.00
Project("{FAE04EC0-301F-11D3-BF4B-00C04F79EFBC}") = "WindowsSensorsDbService", "WindowsSensorsDbService\WindowsSensorsDbService.csproj", "{2030291C-D0B1-4602-BCD9-D5D8FB14E26B}"
EndProject
Global
	GlobalSection(SolutionConfigurationPlatforms) = preSolution
		Debug|Any CPU = Debug|Any CPU
		Release|Any CPU = Release|Any CPU
	EndGlobalSection
	GlobalSection(ProjectConfigurationPlatforms) = postSolution
		{2030291C-D0B1-4602-BCD9-D5D8FB14E26B}.Debug|Any CPU.ActiveCfg = Debug|Any CPU
		{2030291C-D0B1-4602-BCD9-D5D8FB14E26B}.Debug|Any CPU.Build.0 = Debug|Any CPU
		{2030291C-D0B1-4602-BCD9-D5D8FB14E26B}.Release|Any CPU.ActiveCfg = Release|Any CPU
		{2030291C-D0B1-4602-BCD9-D5D8FB14E26B}.Release|Any CPU.Build.0 = Release|Any CPU
	EndGlobalSection
EndGlobal
